// !$*UTF8*$!
{
	archiveVersion = 1;
	classes = {
	};
	objectVersion = 77;
	objects = {

/* Begin PBXContainerItemProxy section */
		E9A88BFC2D06510C0012DDB4 /* PBXContainerItemProxy */ = {
			isa = PBXContainerItemProxy;
			containerPortal = E9A88BE32D06510A0012DDB4 /* Project object */;
			proxyType = 1;
			remoteGlobalIDString = E9A88BEA2D06510A0012DDB4;
			remoteInfo = projectToDo;
		};
		E9A88C062D06510C0012DDB4 /* PBXContainerItemProxy */ = {
			isa = PBXContainerItemProxy;
			containerPortal = E9A88BE32D06510A0012DDB4 /* Project object */;
			proxyType = 1;
			remoteGlobalIDString = E9A88BEA2D06510A0012DDB4;
			remoteInfo = projectToDo;
		};
/* End PBXContainerItemProxy section */

/* Begin PBXFileReference section */
		E9A88BEB2D06510A0012DDB4 /* projectToDo.app */ = {isa = PBXFileReference; explicitFileType = wrapper.application; includeInIndex = 0; path = projectToDo.app; sourceTree = BUILT_PRODUCTS_DIR; };
		E9A88BFB2D06510C0012DDB4 /* projectToDoTests.xctest */ = {isa = PBXFileReference; explicitFileType = wrapper.cfbundle; includeInIndex = 0; path = projectToDoTests.xctest; sourceTree = BUILT_PRODUCTS_DIR; };
		E9A88C052D06510C0012DDB4 /* projectToDoUITests.xctest */ = {isa = PBXFileReference; explicitFileType = wrapper.cfbundle; includeInIndex = 0; path = projectToDoUITests.xctest; sourceTree = BUILT_PRODUCTS_DIR; };
/* End PBXFileReference section */

/* Begin PBXFileSystemSynchronizedRootGroup section */
		E9A88BED2D06510A0012DDB4 /* projectToDo */ = {
			isa = PBXFileSystemSynchronizedRootGroup;
			path = projectToDo;
			sourceTree = "<group>";
		};
		E9A88BFE2D06510C0012DDB4 /* projectToDoTests */ = {
			isa = PBXFileSystemSynchronizedRootGroup;
			path = projectToDoTests;
			sourceTree = "<group>";
		};
		E9A88C082D06510C0012DDB4 /* projectToDoUITests */ = {
			isa = PBXFileSystemSynchronizedRootGroup;
			path = projectToDoUITests;
			sourceTree = "<group>";
		};
/* End PBXFileSystemSynchronizedRootGroup section */

/* Begin PBXFrameworksBuildPhase section */
		E9A88BE82D06510A0012DDB4 /* Frameworks */ = {
			isa = PBXFrameworksBuildPhase;
			buildActionMask = 2147483647;
			files = (
			);
			runOnlyForDeploymentPostprocessing = 0;
		};
		E9A88BF82D06510C0012DDB4 /* Frameworks */ = {
			isa = PBXFrameworksBuildPhase;
			buildActionMask = 2147483647;
			files = (
			);
			runOnlyForDeploymentPostprocessing = 0;
		};
		E9A88C022D06510C0012DDB4 /* Frameworks */ = {
			isa = PBXFrameworksBuildPhase;
			buildActionMask = 2147483647;
			files = (
			);
			runOnlyForDeploymentPostprocessing = 0;
		};
/* End PBXFrameworksBuildPhase section */

/* Begin PBXGroup section */
		E9A88BE22D06510A0012DDB4 = {
			isa = PBXGroup;
			children = (
				E9A88BED2D06510A0012DDB4 /* projectToDo */,
				E9A88BFE2D06510C0012DDB4 /* projectToDoTests */,
				E9A88C082D06510C0012DDB4 /* projectToDoUITests */,
				E9A88BEC2D06510A0012DDB4 /* Products */,
			);
			sourceTree = "<group>";
		};
		E9A88BEC2D06510A0012DDB4 /* Products */ = {
			isa = PBXGroup;
			children = (
				E9A88BEB2D06510A0012DDB4 /* projectToDo.app */,
				E9A88BFB2D06510C0012DDB4 /* projectToDoTests.xctest */,
				E9A88C052D06510C0012DDB4 /* projectToDoUITests.xctest */,
			);
			name = Products;
			sourceTree = "<group>";
		};
/* End PBXGroup section */

/* Begin PBXNativeTarget section */
		E9A88BEA2D06510A0012DDB4 /* projectToDo */ = {
			isa = PBXNativeTarget;
			buildConfigurationList = E9A88C0F2D06510C0012DDB4 /* Build configuration list for PBXNativeTarget "projectToDo" */;
			buildPhases = (
				E9A88BE72D06510A0012DDB4 /* Sources */,
				E9A88BE82D06510A0012DDB4 /* Frameworks */,
				E9A88BE92D06510A0012DDB4 /* Resources */,
			);
			buildRules = (
			);
			dependencies = (
			);
			fileSystemSynchronizedGroups = (
				E9A88BED2D06510A0012DDB4 /* projectToDo */,
			);
			name = projectToDo;
			packageProductDependencies = (
			);
			productName = projectToDo;
			productReference = E9A88BEB2D06510A0012DDB4 /* projectToDo.app */;
			productType = "com.apple.product-type.application";
		};
		E9A88BFA2D06510C0012DDB4 /* projectToDoTests */ = {
			isa = PBXNativeTarget;
			buildConfigurationList = E9A88C122D06510C0012DDB4 /* Build configuration list for PBXNativeTarget "projectToDoTests" */;
			buildPhases = (
				E9A88BF72D06510C0012DDB4 /* Sources */,
				E9A88BF82D06510C0012DDB4 /* Frameworks */,
				E9A88BF92D06510C0012DDB4 /* Resources */,
			);
			buildRules = (
			);
			dependencies = (
				E9A88BFD2D06510C0012DDB4 /* PBXTargetDependency */,
			);
			fileSystemSynchronizedGroups = (
				E9A88BFE2D06510C0012DDB4 /* projectToDoTests */,
			);
			name = projectToDoTests;
			packageProductDependencies = (
			);
			productName = projectToDoTests;
			productReference = E9A88BFB2D06510C0012DDB4 /* projectToDoTests.xctest */;
			productType = "com.apple.product-type.bundle.unit-test";
		};
		E9A88C042D06510C0012DDB4 /* projectToDoUITests */ = {
			isa = PBXNativeTarget;
			buildConfigurationList = E9A88C152D06510C0012DDB4 /* Build configuration list for PBXNativeTarget "projectToDoUITests" */;
			buildPhases = (
				E9A88C012D06510C0012DDB4 /* Sources */,
				E9A88C022D06510C0012DDB4 /* Frameworks */,
				E9A88C032D06510C0012DDB4 /* Resources */,
			);
			buildRules = (
			);
			dependencies = (
				E9A88C072D06510C0012DDB4 /* PBXTargetDependency */,
			);
			fileSystemSynchronizedGroups = (
				E9A88C082D06510C0012DDB4 /* projectToDoUITests */,
			);
			name = projectToDoUITests;
			packageProductDependencies = (
			);
			productName = projectToDoUITests;
			productReference = E9A88C052D06510C0012DDB4 /* projectToDoUITests.xctest */;
			productType = "com.apple.product-type.bundle.ui-testing";
		};
/* End PBXNativeTarget section */

/* Begin PBXProject section */
		E9A88BE32D06510A0012DDB4 /* Project object */ = {
			isa = PBXProject;
			attributes = {
				BuildIndependentTargetsInParallel = 1;
				LastSwiftUpdateCheck = 1610;
				LastUpgradeCheck = 1610;
				TargetAttributes = {
					E9A88BEA2D06510A0012DDB4 = {
						CreatedOnToolsVersion = 16.1;
					};
					E9A88BFA2D06510C0012DDB4 = {
						CreatedOnToolsVersion = 16.1;
						TestTargetID = E9A88BEA2D06510A0012DDB4;
					};
					E9A88C042D06510C0012DDB4 = {
						CreatedOnToolsVersion = 16.1;
						TestTargetID = E9A88BEA2D06510A0012DDB4;
					};
				};
			};
			buildConfigurationList = E9A88BE62D06510A0012DDB4 /* Build configuration list for PBXProject "projectToDo" */;
			developmentRegion = en;
			hasScannedForEncodings = 0;
			knownRegions = (
				en,
				Base,
			);
			mainGroup = E9A88BE22D06510A0012DDB4;
			minimizedProjectReferenceProxies = 1;
			preferredProjectObjectVersion = 77;
			productRefGroup = E9A88BEC2D06510A0012DDB4 /* Products */;
			projectDirPath = "";
			projectRoot = "";
			targets = (
				E9A88BEA2D06510A0012DDB4 /* projectToDo */,
				E9A88BFA2D06510C0012DDB4 /* projectToDoTests */,
				E9A88C042D06510C0012DDB4 /* projectToDoUITests */,
			);
		};
/* End PBXProject section */

/* Begin PBXResourcesBuildPhase section */
		E9A88BE92D06510A0012DDB4 /* Resources */ = {
			isa = PBXResourcesBuildPhase;
			buildActionMask = 2147483647;
			files = (
			);
			runOnlyForDeploymentPostprocessing = 0;
		};
		E9A88BF92D06510C0012DDB4 /* Resources */ = {
			isa = PBXResourcesBuildPhase;
			buildActionMask = 2147483647;
			files = (
			);
			runOnlyForDeploymentPostprocessing = 0;
		};
		E9A88C032D06510C0012DDB4 /* Resources */ = {
			isa = PBXResourcesBuildPhase;
			buildActionMask = 2147483647;
			files = (
			);
			runOnlyForDeploymentPostprocessing = 0;
		};
/* End PBXResourcesBuildPhase section */

/* Begin PBXSourcesBuildPhase section */
		E9A88BE72D06510A0012DDB4 /* Sources */ = {
			isa = PBXSourcesBuildPhase;
			buildActionMask = 2147483647;
			files = (
			);
			runOnlyForDeploymentPostprocessing = 0;
		};
		E9A88BF72D06510C0012DDB4 /* Sources */ = {
			isa = PBXSourcesBuildPhase;
			buildActionMask = 2147483647;
			files = (
			);
			runOnlyForDeploymentPostprocessing = 0;
		};
		E9A88C012D06510C0012DDB4 /* Sources */ = {
			isa = PBXSourcesBuildPhase;
			buildActionMask = 2147483647;
			files = (
			);
			runOnlyForDeploymentPostprocessing = 0;
		};
/* End PBXSourcesBuildPhase section */

/* Begin PBXTargetDependency section */
		E9A88BFD2D06510C0012DDB4 /* PBXTargetDependency */ = {
			isa = PBXTargetDependency;
			target = E9A88BEA2D06510A0012DDB4 /* projectToDo */;
			targetProxy = E9A88BFC2D06510C0012DDB4 /* PBXContainerItemProxy */;
		};
		E9A88C072D06510C0012DDB4 /* PBXTargetDependency */ = {
			isa = PBXTargetDependency;
			target = E9A88BEA2D06510A0012DDB4 /* projectToDo */;
			targetProxy = E9A88C062D06510C0012DDB4 /* PBXContainerItemProxy */;
		};
/* End PBXTargetDependency section */

/* Begin XCBuildConfiguration section */
		E9A88C0D2D06510C0012DDB4 /* Debug */ = {
			isa = XCBuildConfiguration;
			buildSettings = {
				ALWAYS_SEARCH_USER_PATHS = NO;
				ASSETCATALOG_COMPILER_GENERATE_SWIFT_ASSET_SYMBOL_EXTENSIONS = YES;
				CLANG_ANALYZER_NONNULL = YES;
				CLANG_ANALYZER_NUMBER_OBJECT_CONVERSION = YES_AGGRESSIVE;
				CLANG_CXX_LANGUAGE_STANDARD = "gnu++20";
				CLANG_ENABLE_MODULES = YES;
				CLANG_ENABLE_OBJC_ARC = YES;
				CLANG_ENABLE_OBJC_WEAK = YES;
				CLANG_WARN_BLOCK_CAPTURE_AUTORELEASING = YES;
				CLANG_WARN_BOOL_CONVERSION = YES;
				CLANG_WARN_COMMA = YES;
				CLANG_WARN_CONSTANT_CONVERSION = YES;
				CLANG_WARN_DEPRECATED_OBJC_IMPLEMENTATIONS = YES;
				CLANG_WARN_DIRECT_OBJC_ISA_USAGE = YES_ERROR;
				CLANG_WARN_DOCUMENTATION_COMMENTS = YES;
				CLANG_WARN_EMPTY_BODY = YES;
				CLANG_WARN_ENUM_CONVERSION = YES;
				CLANG_WARN_INFINITE_RECURSION = YES;
				CLANG_WARN_INT_CONVERSION = YES;
				CLANG_WARN_NON_LITERAL_NULL_CONVERSION = YES;
				CLANG_WARN_OBJC_IMPLICIT_RETAIN_SELF = YES;
				CLANG_WARN_OBJC_LITERAL_CONVERSION = YES;
				CLANG_WARN_OBJC_ROOT_CLASS = YES_ERROR;
				CLANG_WARN_QUOTED_INCLUDE_IN_FRAMEWORK_HEADER = YES;
				CLANG_WARN_RANGE_LOOP_ANALYSIS = YES;
				CLANG_WARN_STRICT_PROTOTYPES = YES;
				CLANG_WARN_SUSPICIOUS_MOVE = YES;
				CLANG_WARN_UNGUARDED_AVAILABILITY = YES_AGGRESSIVE;
				CLANG_WARN_UNREACHABLE_CODE = YES;
				CLANG_WARN__DUPLICATE_METHOD_MATCH = YES;
				COPY_PHASE_STRIP = NO;
				DEBUG_INFORMATION_FORMAT = dwarf;
				ENABLE_STRICT_OBJC_MSGSEND = YES;
				ENABLE_TESTABILITY = YES;
				ENABLE_USER_SCRIPT_SANDBOXING = YES;
				GCC_C_LANGUAGE_STANDARD = gnu17;
				GCC_DYNAMIC_NO_PIC = NO;
				GCC_NO_COMMON_BLOCKS = YES;
				GCC_OPTIMIZATION_LEVEL = 0;
				GCC_PREPROCESSOR_DEFINITIONS = (
					"DEBUG=1",
					"$(inherited)",
				);
				GCC_WARN_64_TO_32_BIT_CONVERSION = YES;
				GCC_WARN_ABOUT_RETURN_TYPE = YES_ERROR;
				GCC_WARN_UNDECLARED_SELECTOR = YES;
				GCC_WARN_UNINITIALIZED_AUTOS = YES_AGGRESSIVE;
				GCC_WARN_UNUSED_FUNCTION = YES;
				GCC_WARN_UNUSED_VARIABLE = YES;
				IPHONEOS_DEPLOYMENT_TARGET = 18.1;
				LOCALIZATION_PREFERS_STRING_CATALOGS = YES;
				MTL_ENABLE_DEBUG_INFO = INCLUDE_SOURCE;
				MTL_FAST_MATH = YES;
				ONLY_ACTIVE_ARCH = YES;
				SDKROOT = iphoneos;
				SWIFT_ACTIVE_COMPILATION_CONDITIONS = "DEBUG $(inherited)";
				SWIFT_OPTIMIZATION_LEVEL = "-Onone";
			};
			name = Debug;
		};
		E9A88C0E2D06510C0012DDB4 /* Release */ = {
			isa = XCBuildConfiguration;
			buildSettings = {
				ALWAYS_SEARCH_USER_PATHS = NO;
				ASSETCATALOG_COMPILER_GENERATE_SWIFT_ASSET_SYMBOL_EXTENSIONS = YES;
				CLANG_ANALYZER_NONNULL = YES;
				CLANG_ANALYZER_NUMBER_OBJECT_CONVERSION = YES_AGGRESSIVE;
				CLANG_CXX_LANGUAGE_STANDARD = "gnu++20";
				CLANG_ENABLE_MODULES = YES;
				CLANG_ENABLE_OBJC_ARC = YES;
				CLANG_ENABLE_OBJC_WEAK = YES;
				CLANG_WARN_BLOCK_CAPTURE_AUTORELEASING = YES;
				CLANG_WARN_BOOL_CONVERSION = YES;
				CLANG_WARN_COMMA = YES;
				CLANG_WARN_CONSTANT_CONVERSION = YES;
				CLANG_WARN_DEPRECATED_OBJC_IMPLEMENTATIONS = YES;
				CLANG_WARN_DIRECT_OBJC_ISA_USAGE = YES_ERROR;
				CLANG_WARN_DOCUMENTATION_COMMENTS = YES;
				CLANG_WARN_EMPTY_BODY = YES;
				CLANG_WARN_ENUM_CONVERSION = YES;
				CLANG_WARN_INFINITE_RECURSION = YES;
				CLANG_WARN_INT_CONVERSION = YES;
				CLANG_WARN_NON_LITERAL_NULL_CONVERSION = YES;
				CLANG_WARN_OBJC_IMPLICIT_RETAIN_SELF = YES;
				CLANG_WARN_OBJC_LITERAL_CONVERSION = YES;
				CLANG_WARN_OBJC_ROOT_CLASS = YES_ERROR;
				CLANG_WARN_QUOTED_INCLUDE_IN_FRAMEWORK_HEADER = YES;
				CLANG_WARN_RANGE_LOOP_ANALYSIS = YES;
				CLANG_WARN_STRICT_PROTOTYPES = YES;
				CLANG_WARN_SUSPICIOUS_MOVE = YES;
				CLANG_WARN_UNGUARDED_AVAILABILITY = YES_AGGRESSIVE;
				CLANG_WARN_UNREACHABLE_CODE = YES;
				CLANG_WARN__DUPLICATE_METHOD_MATCH = YES;
				COPY_PHASE_STRIP = NO;
				DEBUG_INFORMATION_FORMAT = "dwarf-with-dsym";
				ENABLE_NS_ASSERTIONS = NO;
				ENABLE_STRICT_OBJC_MSGSEND = YES;
				ENABLE_USER_SCRIPT_SANDBOXING = YES;
				GCC_C_LANGUAGE_STANDARD = gnu17;
				GCC_NO_COMMON_BLOCKS = YES;
				GCC_WARN_64_TO_32_BIT_CONVERSION = YES;
				GCC_WARN_ABOUT_RETURN_TYPE = YES_ERROR;
				GCC_WARN_UNDECLARED_SELECTOR = YES;
				GCC_WARN_UNINITIALIZED_AUTOS = YES_AGGRESSIVE;
				GCC_WARN_UNUSED_FUNCTION = YES;
				GCC_WARN_UNUSED_VARIABLE = YES;
				IPHONEOS_DEPLOYMENT_TARGET = 18.1;
				LOCALIZATION_PREFERS_STRING_CATALOGS = YES;
				MTL_ENABLE_DEBUG_INFO = NO;
				MTL_FAST_MATH = YES;
				SDKROOT = iphoneos;
				SWIFT_COMPILATION_MODE = wholemodule;
				VALIDATE_PRODUCT = YES;
			};
			name = Release;
		};
		E9A88C102D06510C0012DDB4 /* Debug */ = {
			isa = XCBuildConfiguration;
			buildSettings = {
				ASSETCATALOG_COMPILER_APPICON_NAME = AppIcon;
				ASSETCATALOG_COMPILER_GLOBAL_ACCENT_COLOR_NAME = AccentColor;
				CODE_SIGN_STYLE = Automatic;
				CURRENT_PROJECT_VERSION = 1;
				DEVELOPMENT_ASSET_PATHS = "\"projectToDo/Preview Content\"";
				DEVELOPMENT_TEAM = 755L4W2S39;
				ENABLE_PREVIEWS = YES;
				GENERATE_INFOPLIST_FILE = YES;
				INFOPLIST_KEY_UIApplicationSceneManifest_Generation = YES;
				INFOPLIST_KEY_UIApplicationSupportsIndirectInputEvents = YES;
				INFOPLIST_KEY_UILaunchScreen_Generation = YES;
				INFOPLIST_KEY_UISupportedInterfaceOrientations_iPad = "UIInterfaceOrientationPortrait UIInterfaceOrientationPortraitUpsideDown UIInterfaceOrientationLandscapeLeft UIInterfaceOrientationLandscapeRight";
				INFOPLIST_KEY_UISupportedInterfaceOrientations_iPhone = "UIInterfaceOrientationPortrait UIInterfaceOrientationLandscapeLeft UIInterfaceOrientationLandscapeRight";
				LD_RUNPATH_SEARCH_PATHS = (
					"$(inherited)",
					"@executable_path/Frameworks",
				);
				MARKETING_VERSION = 1.0;
				PRODUCT_BUNDLE_IDENTIFIER = com.aryan.projectToDo;
				PRODUCT_NAME = "$(TARGET_NAME)";
				SWIFT_EMIT_LOC_STRINGS = YES;
				SWIFT_VERSION = 5.0;
				TARGETED_DEVICE_FAMILY = "1,2";
			};
			name = Debug;
		};
		E9A88C112D06510C0012DDB4 /* Release */ = {
			isa = XCBuildConfiguration;
			buildSettings = {
				ASSETCATALOG_COMPILER_APPICON_NAME = AppIcon;
				ASSETCATALOG_COMPILER_GLOBAL_ACCENT_COLOR_NAME = AccentColor;
				CODE_SIGN_STYLE = Automatic;
				CURRENT_PROJECT_VERSION = 1;
				DEVELOPMENT_ASSET_PATHS = "\"projectToDo/Preview Content\"";
				DEVELOPMENT_TEAM = 755L4W2S39;
				ENABLE_PREVIEWS = YES;
				GENERATE_INFOPLIST_FILE = YES;
				INFOPLIST_KEY_UIApplicationSceneManifest_Generation = YES;
				INFOPLIST_KEY_UIApplicationSupportsIndirectInputEvents = YES;
				INFOPLIST_KEY_UILaunchScreen_Generation = YES;
				INFOPLIST_KEY_UISupportedInterfaceOrientations_iPad = "UIInterfaceOrientationPortrait UIInterfaceOrientationPortraitUpsideDown UIInterfaceOrientationLandscapeLeft UIInterfaceOrientationLandscapeRight";
				INFOPLIST_KEY_UISupportedInterfaceOrientations_iPhone = "UIInterfaceOrientationPortrait UIInterfaceOrientationLandscapeLeft UIInterfaceOrientationLandscapeRight";
				LD_RUNPATH_SEARCH_PATHS = (
					"$(inherited)",
					"@executable_path/Frameworks",
				);
				MARKETING_VERSION = 1.0;
				PRODUCT_BUNDLE_IDENTIFIER = com.aryan.projectToDo;
				PRODUCT_NAME = "$(TARGET_NAME)";
				SWIFT_EMIT_LOC_STRINGS = YES;
				SWIFT_VERSION = 5.0;
				TARGETED_DEVICE_FAMILY = "1,2";
			};
			name = Release;
		};
		E9A88C132D06510C0012DDB4 /* Debug */ = {
			isa = XCBuildConfiguration;
			buildSettings = {
				BUNDLE_LOADER = "$(TEST_HOST)";
				CODE_SIGN_STYLE = Automatic;
				CURRENT_PROJECT_VERSION = 1;
				DEVELOPMENT_TEAM = 755L4W2S39;
				GENERATE_INFOPLIST_FILE = YES;
				IPHONEOS_DEPLOYMENT_TARGET = 18.1;
				MARKETING_VERSION = 1.0;
				PRODUCT_BUNDLE_IDENTIFIER = com.aryan.projectToDoTests;
				PRODUCT_NAME = "$(TARGET_NAME)";
				SWIFT_EMIT_LOC_STRINGS = NO;
				SWIFT_VERSION = 5.0;
				TARGETED_DEVICE_FAMILY = "1,2";
				TEST_HOST = "$(BUILT_PRODUCTS_DIR)/projectToDo.app/$(BUNDLE_EXECUTABLE_FOLDER_PATH)/projectToDo";
			};
			name = Debug;
		};
		E9A88C142D06510C0012DDB4 /* Release */ = {
			isa = XCBuildConfiguration;
			buildSettings = {
				BUNDLE_LOADER = "$(TEST_HOST)";
				CODE_SIGN_STYLE = Automatic;
				CURRENT_PROJECT_VERSION = 1;
				DEVELOPMENT_TEAM = 755L4W2S39;
				GENERATE_INFOPLIST_FILE = YES;
				IPHONEOS_DEPLOYMENT_TARGET = 18.1;
				MARKETING_VERSION = 1.0;
				PRODUCT_BUNDLE_IDENTIFIER = com.aryan.projectToDoTests;
				PRODUCT_NAME = "$(TARGET_NAME)";
				SWIFT_EMIT_LOC_STRINGS = NO;
				SWIFT_VERSION = 5.0;
				TARGETED_DEVICE_FAMILY = "1,2";
				TEST_HOST = "$(BUILT_PRODUCTS_DIR)/projectToDo.app/$(BUNDLE_EXECUTABLE_FOLDER_PATH)/projectToDo";
			};
			name = Release;
		};
		E9A88C162D06510C0012DDB4 /* Debug */ = {
			isa = XCBuildConfiguration;
			buildSettings = {
				CODE_SIGN_STYLE = Automatic;
				CURRENT_PROJECT_VERSION = 1;
				DEVELOPMENT_TEAM = 755L4W2S39;
				GENERATE_INFOPLIST_FILE = YES;
				MARKETING_VERSION = 1.0;
				PRODUCT_BUNDLE_IDENTIFIER = com.aryan.projectToDoUITests;
				PRODUCT_NAME = "$(TARGET_NAME)";
				SWIFT_EMIT_LOC_STRINGS = NO;
				SWIFT_VERSION = 5.0;
				TARGETED_DEVICE_FAMILY = "1,2";
				TEST_TARGET_NAME = projectToDo;
			};
			name = Debug;
		};
		E9A88C172D06510C0012DDB4 /* Release */ = {
			isa = XCBuildConfiguration;
			buildSettings = {
				CODE_SIGN_STYLE = Automatic;
				CURRENT_PROJECT_VERSION = 1;
				DEVELOPMENT_TEAM = 755L4W2S39;
				GENERATE_INFOPLIST_FILE = YES;
				MARKETING_VERSION = 1.0;
				PRODUCT_BUNDLE_IDENTIFIER = com.aryan.projectToDoUITests;
				PRODUCT_NAME = "$(TARGET_NAME)";
				SWIFT_EMIT_LOC_STRINGS = NO;
				SWIFT_VERSION = 5.0;
				TARGETED_DEVICE_FAMILY = "1,2";
				TEST_TARGET_NAME = projectToDo;
			};
			name = Release;
		};
/* End XCBuildConfiguration section */

/* Begin XCConfigurationList section */
		E9A88BE62D06510A0012DDB4 /* Build configuration list for PBXProject "projectToDo" */ = {
			isa = XCConfigurationList;
			buildConfigurations = (
				E9A88C0D2D06510C0012DDB4 /* Debug */,
				E9A88C0E2D06510C0012DDB4 /* Release */,
			);
			defaultConfigurationIsVisible = 0;
			defaultConfigurationName = Release;
		};
		E9A88C0F2D06510C0012DDB4 /* Build configuration list for PBXNativeTarget "projectToDo" */ = {
			isa = XCConfigurationList;
			buildConfigurations = (
				E9A88C102D06510C0012DDB4 /* Debug */,
				E9A88C112D06510C0012DDB4 /* Release */,
			);
			defaultConfigurationIsVisible = 0;
			defaultConfigurationName = Release;
		};
		E9A88C122D06510C0012DDB4 /* Build configuration list for PBXNativeTarget "projectToDoTests" */ = {
			isa = XCConfigurationList;
			buildConfigurations = (
				E9A88C132D06510C0012DDB4 /* Debug */,
				E9A88C142D06510C0012DDB4 /* Release */,
			);
			defaultConfigurationIsVisible = 0;
			defaultConfigurationName = Release;
		};
		E9A88C152D06510C0012DDB4 /* Build configuration list for PBXNativeTarget "projectToDoUITests" */ = {
			isa = XCConfigurationList;
			buildConfigurations = (
				E9A88C162D06510C0012DDB4 /* Debug */,
				E9A88C172D06510C0012DDB4 /* Release */,
			);
			defaultConfigurationIsVisible = 0;
			defaultConfigurationName = Release;
		};
/* End XCConfigurationList section */
	};
	rootObject = E9A88BE32D06510A0012DDB4 /* Project object */;
}
